
Microsoft Visual Studio Solution File, Format Version 12.00
# Visual Studio Version 17
VisualStudioVersion = 17.1.32328.378
MinimumVisualStudioVersion = 10.0.40219.1
Project("{FAE04EC0-301F-11D3-BF4B-00C04F79EFBC}") = "LogicaPrincipal", "LogicaPrincipal\LogicaPrincipal.csproj", "{FD28B29F-8A51-487D-B89F-1D4097D3027B}"
EndProject
Project("{FAE04EC0-301F-11D3-BF4B-00C04F79EFBC}") = "FormPrincipal", "FormPrincipal\FormPrincipal.csproj", "{E5DC0D89-F0BC-4045-8024-22BCE93276F5}"
EndProject
Global
	GlobalSection(SolutionConfigurationPlatforms) = preSolution
		Debug|Any CPU = Debug|Any CPU
		Release|Any CPU = Release|Any CPU
	EndGlobalSection
	GlobalSection(ProjectConfigurationPlatforms) = postSolution
		{FD28B29F-8A51-487D-B89F-1D4097D3027B}.Debug|Any CPU.ActiveCfg = Debug|Any CPU
		{FD28B29F-8A51-487D-B89F-1D4097D3027B}.Debug|Any CPU.Build.0 = Debug|Any CPU
		{FD28B29F-8A51-487D-B89F-1D4097D3027B}.Release|Any CPU.ActiveCfg = Release|Any CPU
		{FD28B29F-8A51-487D-B89F-1D4097D3027B}.Release|Any CPU.Build.0 = Release|Any CPU
		{E5DC0D89-F0BC-4045-8024-22BCE93276F5}.Debug|Any CPU.ActiveCfg = Debug|Any CPU
		{E5DC0D89-F0BC-4045-8024-22BCE93276F5}.Debug|Any CPU.Build.0 = Debug|Any CPU
		{E5DC0D89-F0BC-4045-8024-22BCE93276F5}.Release|Any CPU.ActiveCfg = Release|Any CPU
		{E5DC0D89-F0BC-4045-8024-22BCE93276F5}.Release|Any CPU.Build.0 = Release|Any CPU
	EndGlobalSection
	GlobalSection(SolutionProperties) = preSolution
		HideSolutionNode = FALSE
	EndGlobalSection
	GlobalSection(ExtensibilityGlobals) = postSolution
		SolutionGuid = {909ED22F-480C-4305-9009-49A49044E92E}
	EndGlobalSection
EndGlobal
